
Microsoft Visual Studio Solution File, Format Version 12.00
# Visual Studio Version 17
VisualStudioVersion = 17.9.34622.214
MinimumVisualStudioVersion = 10.0.40219.1
Project("{FAE04EC0-301F-11D3-BF4B-00C04F79EFBC}") = "QL_NhaHang_ADO", "QL_NhaHang_ADO.csproj", "{88E7EA58-0B87-475C-9084-AA21904F97DB}"
EndProject
Global
	GlobalSection(SolutionConfigurationPlatforms) = preSolution
		Debug|Any CPU = Debug|Any CPU
		Release|Any CPU = Release|Any CPU
	EndGlobalSection
	GlobalSection(ProjectConfigurationPlatforms) = postSolution
		{88E7EA58-0B87-475C-9084-AA21904F97DB}.Debug|Any CPU.ActiveCfg = Debug|Any CPU
		{88E7EA58-0B87-475C-9084-AA21904F97DB}.Debug|Any CPU.Build.0 = Debug|Any CPU
		{88E7EA58-0B87-475C-9084-AA21904F97DB}.Release|Any CPU.ActiveCfg = Release|Any CPU
		{88E7EA58-0B87-475C-9084-AA21904F97DB}.Release|Any CPU.Build.0 = Release|Any CPU
	EndGlobalSection
	GlobalSection(SolutionProperties) = preSolution
		HideSolutionNode = FALSE
	EndGlobalSection
	GlobalSection(ExtensibilityGlobals) = postSolution
		SolutionGuid = {B6C88E6E-54E4-4B8A-94B3-5173BB3A7343}
	EndGlobalSection
EndGlobal
